
Microsoft Visual Studio Solution File, Format Version 12.00
# Visual Studio Version 17
VisualStudioVersion = 17.10.35013.160
MinimumVisualStudioVersion = 10.0.40219.1
Project("{FAE04EC0-301F-11D3-BF4B-00C04F79EFBC}") = "isip122ChebanAndAkhmatova№3", "isip122ChebanAndAkhmatova№3\isip122ChebanAndAkhmatova№3.csproj", "{8A249464-EBBE-4827-A688-E09073E82478}"
EndProject
Global
	GlobalSection(SolutionConfigurationPlatforms) = preSolution
		Debug|Any CPU = Debug|Any CPU
		Release|Any CPU = Release|Any CPU
	EndGlobalSection
	GlobalSection(ProjectConfigurationPlatforms) = postSolution
		{8A249464-EBBE-4827-A688-E09073E82478}.Debug|Any CPU.ActiveCfg = Debug|Any CPU
		{8A249464-EBBE-4827-A688-E09073E82478}.Debug|Any CPU.Build.0 = Debug|Any CPU
		{8A249464-EBBE-4827-A688-E09073E82478}.Release|Any CPU.ActiveCfg = Release|Any CPU
		{8A249464-EBBE-4827-A688-E09073E82478}.Release|Any CPU.Build.0 = Release|Any CPU
	EndGlobalSection
	GlobalSection(SolutionProperties) = preSolution
		HideSolutionNode = FALSE
	EndGlobalSection
	GlobalSection(ExtensibilityGlobals) = postSolution
		SolutionGuid = {E55A1E3C-AD3D-4629-ABBC-95FDE126F509}
	EndGlobalSection
EndGlobal
